
Microsoft Visual Studio Solution File, Format Version 12.00
# Visual Studio 15
VisualStudioVersion = 15.0.28307.438
MinimumVisualStudioVersion = 10.0.40219.1
Project("{FAE04EC0-301F-11D3-BF4B-00C04F79EFBC}") = "CollectionViewOrientationError.iOS", "CollectionViewOrientationError\CollectionViewOrientationError.iOS\CollectionViewOrientationError.iOS.csproj", "{685BFC1B-9BB4-4CCF-9D30-EA01400C47F2}"
EndProject
Project("{FAE04EC0-301F-11D3-BF4B-00C04F79EFBC}") = "CollectionViewOrientationError", "CollectionViewOrientationError\CollectionViewOrientationError\CollectionViewOrientationError.csproj", "{99E7063B-BF79-4DED-B854-A8326ABE30E7}"
EndProject
Global
	GlobalSection(SolutionConfigurationPlatforms) = preSolution
		Debug|Any CPU = Debug|Any CPU
		Debug|iPhone = Debug|iPhone
		Debug|iPhoneSimulator = Debug|iPhoneSimulator
		Release|Any CPU = Release|Any CPU
		Release|iPhone = Release|iPhone
		Release|iPhoneSimulator = Release|iPhoneSimulator
	EndGlobalSection
	GlobalSection(ProjectConfigurationPlatforms) = postSolution
		{685BFC1B-9BB4-4CCF-9D30-EA01400C47F2}.Debug|Any CPU.ActiveCfg = Debug|iPhoneSimulator
		{685BFC1B-9BB4-4CCF-9D30-EA01400C47F2}.Debug|Any CPU.Build.0 = Debug|iPhoneSimulator
		{685BFC1B-9BB4-4CCF-9D30-EA01400C47F2}.Debug|Any CPU.Deploy.0 = Debug|iPhoneSimulator
		{685BFC1B-9BB4-4CCF-9D30-EA01400C47F2}.Debug|iPhone.ActiveCfg = Debug|iPhone
		{685BFC1B-9BB4-4CCF-9D30-EA01400C47F2}.Debug|iPhone.Build.0 = Debug|iPhone
		{685BFC1B-9BB4-4CCF-9D30-EA01400C47F2}.Debug|iPhone.Deploy.0 = Debug|iPhone
		{685BFC1B-9BB4-4CCF-9D30-EA01400C47F2}.Debug|iPhoneSimulator.ActiveCfg = Debug|iPhoneSimulator
		{685BFC1B-9BB4-4CCF-9D30-EA01400C47F2}.Debug|iPhoneSimulator.Build.0 = Debug|iPhoneSimulator
		{685BFC1B-9BB4-4CCF-9D30-EA01400C47F2}.Debug|iPhoneSimulator.Deploy.0 = Debug|iPhoneSimulator
		{685BFC1B-9BB4-4CCF-9D30-EA01400C47F2}.Release|Any CPU.ActiveCfg = Release|iPhone
		{685BFC1B-9BB4-4CCF-9D30-EA01400C47F2}.Release|Any CPU.Build.0 = Release|iPhone
		{685BFC1B-9BB4-4CCF-9D30-EA01400C47F2}.Release|Any CPU.Deploy.0 = Release|iPhone
		{685BFC1B-9BB4-4CCF-9D30-EA01400C47F2}.Release|iPhone.ActiveCfg = Release|iPhone
		{685BFC1B-9BB4-4CCF-9D30-EA01400C47F2}.Release|iPhone.Build.0 = Release|iPhone
		{685BFC1B-9BB4-4CCF-9D30-EA01400C47F2}.Release|iPhone.Deploy.0 = Release|iPhone
		{685BFC1B-9BB4-4CCF-9D30-EA01400C47F2}.Release|iPhoneSimulator.ActiveCfg = Release|iPhoneSimulator
		{685BFC1B-9BB4-4CCF-9D30-EA01400C47F2}.Release|iPhoneSimulator.Build.0 = Release|iPhoneSimulator
		{685BFC1B-9BB4-4CCF-9D30-EA01400C47F2}.Release|iPhoneSimulator.Deploy.0 = Release|iPhoneSimulator
		{99E7063B-BF79-4DED-B854-A8326ABE30E7}.Debug|Any CPU.ActiveCfg = Debug|Any CPU
		{99E7063B-BF79-4DED-B854-A8326ABE30E7}.Debug|Any CPU.Build.0 = Debug|Any CPU
		{99E7063B-BF79-4DED-B854-A8326ABE30E7}.Debug|Any CPU.Deploy.0 = Debug|Any CPU
		{99E7063B-BF79-4DED-B854-A8326ABE30E7}.Debug|iPhone.ActiveCfg = Debug|Any CPU
		{99E7063B-BF79-4DED-B854-A8326ABE30E7}.Debug|iPhone.Build.0 = Debug|Any CPU
		{99E7063B-BF79-4DED-B854-A8326ABE30E7}.Debug|iPhone.Deploy.0 = Debug|Any CPU
		{99E7063B-BF79-4DED-B854-A8326ABE30E7}.Debug|iPhoneSimulator.ActiveCfg = Debug|Any CPU
		{99E7063B-BF79-4DED-B854-A8326ABE30E7}.Debug|iPhoneSimulator.Build.0 = Debug|Any CPU
		{99E7063B-BF79-4DED-B854-A8326ABE30E7}.Debug|iPhoneSimulator.Deploy.0 = Debug|Any CPU
		{99E7063B-BF79-4DED-B854-A8326ABE30E7}.Release|Any CPU.ActiveCfg = Release|Any CPU
		{99E7063B-BF79-4DED-B854-A8326ABE30E7}.Release|Any CPU.Build.0 = Release|Any CPU
		{99E7063B-BF79-4DED-B854-A8326ABE30E7}.Release|Any CPU.Deploy.0 = Release|Any CPU
		{99E7063B-BF79-4DED-B854-A8326ABE30E7}.Release|iPhone.ActiveCfg = Release|Any CPU
		{99E7063B-BF79-4DED-B854-A8326ABE30E7}.Release|iPhone.Build.0 = Release|Any CPU
		{99E7063B-BF79-4DED-B854-A8326ABE30E7}.Release|iPhone.Deploy.0 = Release|Any CPU
		{99E7063B-BF79-4DED-B854-A8326ABE30E7}.Release|iPhoneSimulator.ActiveCfg = Release|Any CPU
		{99E7063B-BF79-4DED-B854-A8326ABE30E7}.Release|iPhoneSimulator.Build.0 = Release|Any CPU
		{99E7063B-BF79-4DED-B854-A8326ABE30E7}.Release|iPhoneSimulator.Deploy.0 = Release|Any CPU
	EndGlobalSection
	GlobalSection(SolutionProperties) = preSolution
		HideSolutionNode = FALSE
	EndGlobalSection
	GlobalSection(ExtensibilityGlobals) = postSolution
		SolutionGuid = {6FA4A36B-C58F-4132-BE27-D127EBDDC1AB}
	EndGlobalSection
EndGlobal
